
Microsoft Visual Studio Solution File, Format Version 12.00
# Visual Studio Version 17
VisualStudioVersion = 17.11.35327.3
MinimumVisualStudioVersion = 10.0.40219.1
Project("{FAE04EC0-301F-11D3-BF4B-00C04F79EFBC}") = "LeNgocHaiMVC", "FUNewsManagementSystem\LeNgocHaiMVC.csproj", "{B8C69054-12D6-4517-8351-7C00DC22ABFE}"
EndProject
Global
	GlobalSection(SolutionConfigurationPlatforms) = preSolution
		Debug|Any CPU = Debug|Any CPU
		Release|Any CPU = Release|Any CPU
	EndGlobalSection
	GlobalSection(ProjectConfigurationPlatforms) = postSolution
		{B8C69054-12D6-4517-8351-7C00DC22ABFE}.Debug|Any CPU.ActiveCfg = Debug|Any CPU
		{B8C69054-12D6-4517-8351-7C00DC22ABFE}.Debug|Any CPU.Build.0 = Debug|Any CPU
		{B8C69054-12D6-4517-8351-7C00DC22ABFE}.Release|Any CPU.ActiveCfg = Release|Any CPU
		{B8C69054-12D6-4517-8351-7C00DC22ABFE}.Release|Any CPU.Build.0 = Release|Any CPU
	EndGlobalSection
	GlobalSection(SolutionProperties) = preSolution
		HideSolutionNode = FALSE
	EndGlobalSection
	GlobalSection(ExtensibilityGlobals) = postSolution
		SolutionGuid = {2403432B-4510-4EAA-8518-D0E25A80AD48}
	EndGlobalSection
EndGlobal
